
Microsoft Visual Studio Solution File, Format Version 12.00
# Visual Studio Version 16
VisualStudioVersion = 16.0.31205.134
MinimumVisualStudioVersion = 10.0.40219.1
Project("{FAE04EC0-301F-11D3-BF4B-00C04F79EFBC}") = "OperacoesBancarias", "WinFormsApp2\OperacoesBancarias.csproj", "{BCE17303-7FC9-4D8B-9539-C3E67B1B6EBD}"
EndProject
Global
	GlobalSection(SolutionConfigurationPlatforms) = preSolution
		Debug|Any CPU = Debug|Any CPU
		Release|Any CPU = Release|Any CPU
	EndGlobalSection
	GlobalSection(ProjectConfigurationPlatforms) = postSolution
		{BCE17303-7FC9-4D8B-9539-C3E67B1B6EBD}.Debug|Any CPU.ActiveCfg = Debug|Any CPU
		{BCE17303-7FC9-4D8B-9539-C3E67B1B6EBD}.Debug|Any CPU.Build.0 = Debug|Any CPU
		{BCE17303-7FC9-4D8B-9539-C3E67B1B6EBD}.Release|Any CPU.ActiveCfg = Release|Any CPU
		{BCE17303-7FC9-4D8B-9539-C3E67B1B6EBD}.Release|Any CPU.Build.0 = Release|Any CPU
	EndGlobalSection
	GlobalSection(SolutionProperties) = preSolution
		HideSolutionNode = FALSE
	EndGlobalSection
	GlobalSection(ExtensibilityGlobals) = postSolution
		SolutionGuid = {62830C0E-1D9C-47E5-BE47-8DEFA65E0D20}
	EndGlobalSection
EndGlobal
